
Microsoft Visual Studio Solution File, Format Version 12.00
# Visual Studio 2013
VisualStudioVersion = 12.0.31101.0
MinimumVisualStudioVersion = 10.0.40219.1
Project("{FAE04EC0-301F-11D3-BF4B-00C04F79EFBC}") = "WebApp.GoJS", "WebApp\WebApp.GoJS.csproj", "{65E66F1F-E64D-4FFF-AD14-7354FD8F2001}"
EndProject
Project("{FAE04EC0-301F-11D3-BF4B-00C04F79EFBC}") = "ACLGraph.WebApp", "ACLGraph.WebApp\ACLGraph.WebApp.csproj", "{F9396F5F-762E-416E-8320-3B1F4A0E0BE5}"
EndProject
Project("{FAE04EC0-301F-11D3-BF4B-00C04F79EFBC}") = "ACLGraph.WebApi", "ACLGraph.WebApi\ACLGraph.WebApi.csproj", "{2870B227-60CC-429A-BAA5-77AE69B40083}"
EndProject
Project("{FAE04EC0-301F-11D3-BF4B-00C04F79EFBC}") = "WebApp.CytoscapeJS", "WebApp.CytoscapeJS\WebApp.CytoscapeJS.csproj", "{104F46F5-71A5-46E4-8B13-286D04EDEC4F}"
EndProject
Global
	GlobalSection(SolutionConfigurationPlatforms) = preSolution
		Debug|Any CPU = Debug|Any CPU
		Release|Any CPU = Release|Any CPU
	EndGlobalSection
	GlobalSection(ProjectConfigurationPlatforms) = postSolution
		{65E66F1F-E64D-4FFF-AD14-7354FD8F2001}.Debug|Any CPU.ActiveCfg = Debug|Any CPU
		{65E66F1F-E64D-4FFF-AD14-7354FD8F2001}.Debug|Any CPU.Build.0 = Debug|Any CPU
		{65E66F1F-E64D-4FFF-AD14-7354FD8F2001}.Release|Any CPU.ActiveCfg = Release|Any CPU
		{65E66F1F-E64D-4FFF-AD14-7354FD8F2001}.Release|Any CPU.Build.0 = Release|Any CPU
		{F9396F5F-762E-416E-8320-3B1F4A0E0BE5}.Debug|Any CPU.ActiveCfg = Debug|Any CPU
		{F9396F5F-762E-416E-8320-3B1F4A0E0BE5}.Debug|Any CPU.Build.0 = Debug|Any CPU
		{F9396F5F-762E-416E-8320-3B1F4A0E0BE5}.Release|Any CPU.ActiveCfg = Release|Any CPU
		{F9396F5F-762E-416E-8320-3B1F4A0E0BE5}.Release|Any CPU.Build.0 = Release|Any CPU
		{2870B227-60CC-429A-BAA5-77AE69B40083}.Debug|Any CPU.ActiveCfg = Debug|Any CPU
		{2870B227-60CC-429A-BAA5-77AE69B40083}.Debug|Any CPU.Build.0 = Debug|Any CPU
		{2870B227-60CC-429A-BAA5-77AE69B40083}.Release|Any CPU.ActiveCfg = Release|Any CPU
		{2870B227-60CC-429A-BAA5-77AE69B40083}.Release|Any CPU.Build.0 = Release|Any CPU
		{104F46F5-71A5-46E4-8B13-286D04EDEC4F}.Debug|Any CPU.ActiveCfg = Debug|Any CPU
		{104F46F5-71A5-46E4-8B13-286D04EDEC4F}.Debug|Any CPU.Build.0 = Debug|Any CPU
		{104F46F5-71A5-46E4-8B13-286D04EDEC4F}.Release|Any CPU.ActiveCfg = Release|Any CPU
		{104F46F5-71A5-46E4-8B13-286D04EDEC4F}.Release|Any CPU.Build.0 = Release|Any CPU
	EndGlobalSection
	GlobalSection(SolutionProperties) = preSolution
		HideSolutionNode = FALSE
	EndGlobalSection
EndGlobal
